
Microsoft Visual Studio Solution File, Format Version 11.00
# Visual C++ Express 2010
Project("{8BC9CEB8-8B4A-11D0-8D11-00A0C91BC942}") = "Tetris", "Tetris\Tetris.vcxproj", "{53D961D6-CA6A-41B0-9C86-C89D862F7EE1}"
EndProject
Global
	GlobalSection(SolutionConfigurationPlatforms) = preSolution
		Debug|Win32 = Debug|Win32
		Release|Win32 = Release|Win32
	EndGlobalSection
	GlobalSection(ProjectConfigurationPlatforms) = postSolution
		{53D961D6-CA6A-41B0-9C86-C89D862F7EE1}.Debug|Win32.ActiveCfg = Debug|Win32
		{53D961D6-CA6A-41B0-9C86-C89D862F7EE1}.Debug|Win32.Build.0 = Debug|Win32
		{53D961D6-CA6A-41B0-9C86-C89D862F7EE1}.Release|Win32.ActiveCfg = Release|Win32
		{53D961D6-CA6A-41B0-9C86-C89D862F7EE1}.Release|Win32.Build.0 = Release|Win32
	EndGlobalSection
	GlobalSection(SolutionProperties) = preSolution
		HideSolutionNode = FALSE
	EndGlobalSection
EndGlobal
